
Microsoft Visual Studio Solution File, Format Version 12.00
# Visual Studio Version 16
VisualStudioVersion = 16.0.29613.14
MinimumVisualStudioVersion = 10.0.40219.1
Project("{9A19103F-16F7-4668-BE54-9A1E7A4F7556}") = "A_CSharpCource", "CSharpCource\A_CSharpCource.csproj", "{97B6870E-45E8-4D37-9FF7-F266D9533B0B}"
EndProject
Project("{9A19103F-16F7-4668-BE54-9A1E7A4F7556}") = "B_ControlFlow", "B_ControlFlow\B_ControlFlow.csproj", "{39DBB652-E220-4696-83C8-57F387354E8B}"
EndProject
Project("{9A19103F-16F7-4668-BE54-9A1E7A4F7556}") = "C_ArrayCollections", "C_ArrayCollections\C_ArrayCollections.csproj", "{BAEFD1E9-2B37-43F7-8196-A9461675FE10}"
EndProject
Project("{9A19103F-16F7-4668-BE54-9A1E7A4F7556}") = "D_OOP", "D_OOP\D_OOP.csproj", "{924A4BA8-7CD2-444B-9CEE-88A0212AF126}"
EndProject
Project("{2150E333-8FDC-42A3-9474-1A3956D46DE8}") = "Solution Items", "Solution Items", "{2A22BAAC-A15E-4736-BCC8-59831EB03CF4}"
	ProjectSection(SolutionItems) = preProject
		.editorconfig = .editorconfig
	EndProjectSection
EndProject
Project("{9A19103F-16F7-4668-BE54-9A1E7A4F7556}") = "E_Exceptions", "E_Exceptions\E_Exceptions.csproj", "{801898F5-7C6D-4D56-BED8-E1BAF6932AD5}"
EndProject
Project("{9A19103F-16F7-4668-BE54-9A1E7A4F7556}") = "F_HomeTask", "HomeTask\F_HomeTask.csproj", "{13627F42-7312-468B-BAF1-15BE2DBA6942}"
EndProject
Project("{9A19103F-16F7-4668-BE54-9A1E7A4F7556}") = "G_LastLesson", "G_LastLesson\G_LastLesson.csproj", "{8894E625-9530-4238-AB91-6D49B518DD60}"
EndProject
Project("{9A19103F-16F7-4668-BE54-9A1E7A4F7556}") = "WPFTestSimpleWindow", "WPFTestSimpleWindow\WPFTestSimpleWindow\WPFTestSimpleWindow.csproj", "{F2001358-02B0-42BE-9366-E0FD53046F8B}"
EndProject
Project("{9A19103F-16F7-4668-BE54-9A1E7A4F7556}") = "WPFMetanitTestSimple", "WPFMetanitTestSimple\WPFMetanitTestSimple.csproj", "{AA4B69A0-8193-407D-8D17-AFA089D1F14D}"
EndProject
Project("{9A19103F-16F7-4668-BE54-9A1E7A4F7556}") = "ITAcademy", "ITAcademy\ITAcademy.csproj", "{835AB696-C32D-4E82-8D5C-8235513FC8D5}"
EndProject
Project("{9A19103F-16F7-4668-BE54-9A1E7A4F7556}") = "ItAcademyLesson3", "ItAcademyLesson3\ItAcademyLesson3.csproj", "{4711920F-6C7D-4C88-AD78-CE2EBCDC12BE}"
EndProject
Project("{9A19103F-16F7-4668-BE54-9A1E7A4F7556}") = "Lesson4", "Lesson4\Lesson4.csproj", "{1952C8C4-6814-4DAC-BB99-0BA3DF97D479}"
EndProject
Project("{9A19103F-16F7-4668-BE54-9A1E7A4F7556}") = "Lesson5", "Lesson5\Lesson5.csproj", "{1487465C-74F4-427D-868A-CBDC33C3525D}"
EndProject
Project("{9A19103F-16F7-4668-BE54-9A1E7A4F7556}") = "Lesson5HomeWork", "Lesson5HomeWork\Lesson5HomeWork.csproj", "{97AC6DBD-3CFC-4AC4-9E04-AFDC06153330}"
EndProject
Project("{9A19103F-16F7-4668-BE54-9A1E7A4F7556}") = "Labyrinth", "Labyrinth\Labyrinth.csproj", "{F664170A-B581-4C7E-A584-9AED65A94506}"
EndProject
Project("{9A19103F-16F7-4668-BE54-9A1E7A4F7556}") = "Lesson6", "Lesson6\Lesson6.csproj", "{B56C12D8-589A-4929-B630-31472A130C52}"
EndProject
Project("{9A19103F-16F7-4668-BE54-9A1E7A4F7556}") = "ExtraLessons1", "ExtraLessons1\ExtraLessons1.csproj", "{F4652AE0-865E-478A-AE32-17737D5E63EF}"
EndProject
Project("{9A19103F-16F7-4668-BE54-9A1E7A4F7556}") = "Lesson7", "Lesson7\Lesson7.csproj", "{E588B563-100E-4EBB-AC68-2CF5A68EA40F}"
EndProject
Project("{2150E333-8FDC-42A3-9474-1A3956D46DE8}") = "ExtraLessons", "ExtraLessons", "{87E9B373-01A5-4290-9604-8C6985BBF3BA}"
EndProject
Project("{9A19103F-16F7-4668-BE54-9A1E7A4F7556}") = "ExtraLesson2", "ExtraLesson2\ExtraLesson2.csproj", "{133E05F4-2EA0-426A-8F6C-A9FDD3BA5961}"
EndProject
Project("{9A19103F-16F7-4668-BE54-9A1E7A4F7556}") = "Lesson8", "Lesson8\Lesson8.csproj", "{60B2A69B-7432-4264-88B8-DBBBF6550483}"
EndProject
Project("{9A19103F-16F7-4668-BE54-9A1E7A4F7556}") = "Lesson9", "Lesson9\Lesson9.csproj", "{2842D1D6-7E32-4EA6-9925-0F8ED6727C16}"
EndProject
Project("{9A19103F-16F7-4668-BE54-9A1E7A4F7556}") = "ExtraLesson9", "ExtraLesson9\ExtraLesson9.csproj", "{C0DABEA8-8DB9-481F-87EF-F8B21F9FB5ED}"
EndProject
Project("{9A19103F-16F7-4668-BE54-9A1E7A4F7556}") = "Lesson9.Tests", "Lesson9.Tests\Lesson9.Tests.csproj", "{2706C690-FE5C-47DB-9377-4C6553CDFCFA}"
EndProject
Project("{9A19103F-16F7-4668-BE54-9A1E7A4F7556}") = "LessonFiles", "LessonFiles\LessonFiles.csproj", "{7FBDB825-36A7-464C-8062-374D0E3AC56A}"
EndProject
Project("{9A19103F-16F7-4668-BE54-9A1E7A4F7556}") = "Lesson10", "Lesson10\Lesson10.csproj", "{271C7B2A-51A9-4597-B54A-EF02F1E94378}"
EndProject
Project("{FAE04EC0-301F-11D3-BF4B-00C04F79EFBC}") = "Lesson11", "Lesson11\Lesson11.csproj", "{17BBDCA5-9042-4314-B277-CE70B36DDE74}"
EndProject
Global
	GlobalSection(SolutionConfigurationPlatforms) = preSolution
		Debug|Any CPU = Debug|Any CPU
		Release|Any CPU = Release|Any CPU
	EndGlobalSection
	GlobalSection(ProjectConfigurationPlatforms) = postSolution
		{97B6870E-45E8-4D37-9FF7-F266D9533B0B}.Debug|Any CPU.ActiveCfg = Debug|Any CPU
		{97B6870E-45E8-4D37-9FF7-F266D9533B0B}.Debug|Any CPU.Build.0 = Debug|Any CPU
		{97B6870E-45E8-4D37-9FF7-F266D9533B0B}.Release|Any CPU.ActiveCfg = Release|Any CPU
		{97B6870E-45E8-4D37-9FF7-F266D9533B0B}.Release|Any CPU.Build.0 = Release|Any CPU
		{39DBB652-E220-4696-83C8-57F387354E8B}.Debug|Any CPU.ActiveCfg = Debug|Any CPU
		{39DBB652-E220-4696-83C8-57F387354E8B}.Debug|Any CPU.Build.0 = Debug|Any CPU
		{39DBB652-E220-4696-83C8-57F387354E8B}.Release|Any CPU.ActiveCfg = Release|Any CPU
		{39DBB652-E220-4696-83C8-57F387354E8B}.Release|Any CPU.Build.0 = Release|Any CPU
		{BAEFD1E9-2B37-43F7-8196-A9461675FE10}.Debug|Any CPU.ActiveCfg = Debug|Any CPU
		{BAEFD1E9-2B37-43F7-8196-A9461675FE10}.Debug|Any CPU.Build.0 = Debug|Any CPU
		{BAEFD1E9-2B37-43F7-8196-A9461675FE10}.Release|Any CPU.ActiveCfg = Release|Any CPU
		{BAEFD1E9-2B37-43F7-8196-A9461675FE10}.Release|Any CPU.Build.0 = Release|Any CPU
		{924A4BA8-7CD2-444B-9CEE-88A0212AF126}.Debug|Any CPU.ActiveCfg = Debug|Any CPU
		{924A4BA8-7CD2-444B-9CEE-88A0212AF126}.Debug|Any CPU.Build.0 = Debug|Any CPU
		{924A4BA8-7CD2-444B-9CEE-88A0212AF126}.Release|Any CPU.ActiveCfg = Release|Any CPU
		{924A4BA8-7CD2-444B-9CEE-88A0212AF126}.Release|Any CPU.Build.0 = Release|Any CPU
		{801898F5-7C6D-4D56-BED8-E1BAF6932AD5}.Debug|Any CPU.ActiveCfg = Debug|Any CPU
		{801898F5-7C6D-4D56-BED8-E1BAF6932AD5}.Debug|Any CPU.Build.0 = Debug|Any CPU
		{801898F5-7C6D-4D56-BED8-E1BAF6932AD5}.Release|Any CPU.ActiveCfg = Release|Any CPU
		{801898F5-7C6D-4D56-BED8-E1BAF6932AD5}.Release|Any CPU.Build.0 = Release|Any CPU
		{13627F42-7312-468B-BAF1-15BE2DBA6942}.Debug|Any CPU.ActiveCfg = Debug|Any CPU
		{13627F42-7312-468B-BAF1-15BE2DBA6942}.Debug|Any CPU.Build.0 = Debug|Any CPU
		{13627F42-7312-468B-BAF1-15BE2DBA6942}.Release|Any CPU.ActiveCfg = Release|Any CPU
		{13627F42-7312-468B-BAF1-15BE2DBA6942}.Release|Any CPU.Build.0 = Release|Any CPU
		{8894E625-9530-4238-AB91-6D49B518DD60}.Debug|Any CPU.ActiveCfg = Debug|Any CPU
		{8894E625-9530-4238-AB91-6D49B518DD60}.Debug|Any CPU.Build.0 = Debug|Any CPU
		{8894E625-9530-4238-AB91-6D49B518DD60}.Release|Any CPU.ActiveCfg = Release|Any CPU
		{8894E625-9530-4238-AB91-6D49B518DD60}.Release|Any CPU.Build.0 = Release|Any CPU
		{F2001358-02B0-42BE-9366-E0FD53046F8B}.Debug|Any CPU.ActiveCfg = Debug|Any CPU
		{F2001358-02B0-42BE-9366-E0FD53046F8B}.Debug|Any CPU.Build.0 = Debug|Any CPU
		{F2001358-02B0-42BE-9366-E0FD53046F8B}.Release|Any CPU.ActiveCfg = Release|Any CPU
		{F2001358-02B0-42BE-9366-E0FD53046F8B}.Release|Any CPU.Build.0 = Release|Any CPU
		{AA4B69A0-8193-407D-8D17-AFA089D1F14D}.Debug|Any CPU.ActiveCfg = Debug|Any CPU
		{AA4B69A0-8193-407D-8D17-AFA089D1F14D}.Debug|Any CPU.Build.0 = Debug|Any CPU
		{AA4B69A0-8193-407D-8D17-AFA089D1F14D}.Release|Any CPU.ActiveCfg = Release|Any CPU
		{AA4B69A0-8193-407D-8D17-AFA089D1F14D}.Release|Any CPU.Build.0 = Release|Any CPU
		{835AB696-C32D-4E82-8D5C-8235513FC8D5}.Debug|Any CPU.ActiveCfg = Debug|Any CPU
		{835AB696-C32D-4E82-8D5C-8235513FC8D5}.Debug|Any CPU.Build.0 = Debug|Any CPU
		{835AB696-C32D-4E82-8D5C-8235513FC8D5}.Release|Any CPU.ActiveCfg = Release|Any CPU
		{835AB696-C32D-4E82-8D5C-8235513FC8D5}.Release|Any CPU.Build.0 = Release|Any CPU
		{4711920F-6C7D-4C88-AD78-CE2EBCDC12BE}.Debug|Any CPU.ActiveCfg = Debug|Any CPU
		{4711920F-6C7D-4C88-AD78-CE2EBCDC12BE}.Debug|Any CPU.Build.0 = Debug|Any CPU
		{4711920F-6C7D-4C88-AD78-CE2EBCDC12BE}.Release|Any CPU.ActiveCfg = Release|Any CPU
		{4711920F-6C7D-4C88-AD78-CE2EBCDC12BE}.Release|Any CPU.Build.0 = Release|Any CPU
		{1952C8C4-6814-4DAC-BB99-0BA3DF97D479}.Debug|Any CPU.ActiveCfg = Debug|Any CPU
		{1952C8C4-6814-4DAC-BB99-0BA3DF97D479}.Debug|Any CPU.Build.0 = Debug|Any CPU
		{1952C8C4-6814-4DAC-BB99-0BA3DF97D479}.Release|Any CPU.ActiveCfg = Release|Any CPU
		{1952C8C4-6814-4DAC-BB99-0BA3DF97D479}.Release|Any CPU.Build.0 = Release|Any CPU
		{1487465C-74F4-427D-868A-CBDC33C3525D}.Debug|Any CPU.ActiveCfg = Debug|Any CPU
		{1487465C-74F4-427D-868A-CBDC33C3525D}.Debug|Any CPU.Build.0 = Debug|Any CPU
		{1487465C-74F4-427D-868A-CBDC33C3525D}.Release|Any CPU.ActiveCfg = Release|Any CPU
		{1487465C-74F4-427D-868A-CBDC33C3525D}.Release|Any CPU.Build.0 = Release|Any CPU
		{97AC6DBD-3CFC-4AC4-9E04-AFDC06153330}.Debug|Any CPU.ActiveCfg = Debug|Any CPU
		{97AC6DBD-3CFC-4AC4-9E04-AFDC06153330}.Debug|Any CPU.Build.0 = Debug|Any CPU
		{97AC6DBD-3CFC-4AC4-9E04-AFDC06153330}.Release|Any CPU.ActiveCfg = Release|Any CPU
		{97AC6DBD-3CFC-4AC4-9E04-AFDC06153330}.Release|Any CPU.Build.0 = Release|Any CPU
		{F664170A-B581-4C7E-A584-9AED65A94506}.Debug|Any CPU.ActiveCfg = Debug|Any CPU
		{F664170A-B581-4C7E-A584-9AED65A94506}.Debug|Any CPU.Build.0 = Debug|Any CPU
		{F664170A-B581-4C7E-A584-9AED65A94506}.Release|Any CPU.ActiveCfg = Release|Any CPU
		{F664170A-B581-4C7E-A584-9AED65A94506}.Release|Any CPU.Build.0 = Release|Any CPU
		{B56C12D8-589A-4929-B630-31472A130C52}.Debug|Any CPU.ActiveCfg = Debug|Any CPU
		{B56C12D8-589A-4929-B630-31472A130C52}.Debug|Any CPU.Build.0 = Debug|Any CPU
		{B56C12D8-589A-4929-B630-31472A130C52}.Release|Any CPU.ActiveCfg = Release|Any CPU
		{B56C12D8-589A-4929-B630-31472A130C52}.Release|Any CPU.Build.0 = Release|Any CPU
		{F4652AE0-865E-478A-AE32-17737D5E63EF}.Debug|Any CPU.ActiveCfg = Debug|Any CPU
		{F4652AE0-865E-478A-AE32-17737D5E63EF}.Debug|Any CPU.Build.0 = Debug|Any CPU
		{F4652AE0-865E-478A-AE32-17737D5E63EF}.Release|Any CPU.ActiveCfg = Release|Any CPU
		{F4652AE0-865E-478A-AE32-17737D5E63EF}.Release|Any CPU.Build.0 = Release|Any CPU
		{E588B563-100E-4EBB-AC68-2CF5A68EA40F}.Debug|Any CPU.ActiveCfg = Debug|Any CPU
		{E588B563-100E-4EBB-AC68-2CF5A68EA40F}.Debug|Any CPU.Build.0 = Debug|Any CPU
		{E588B563-100E-4EBB-AC68-2CF5A68EA40F}.Release|Any CPU.ActiveCfg = Release|Any CPU
		{E588B563-100E-4EBB-AC68-2CF5A68EA40F}.Release|Any CPU.Build.0 = Release|Any CPU
		{133E05F4-2EA0-426A-8F6C-A9FDD3BA5961}.Debug|Any CPU.ActiveCfg = Debug|Any CPU
		{133E05F4-2EA0-426A-8F6C-A9FDD3BA5961}.Debug|Any CPU.Build.0 = Debug|Any CPU
		{133E05F4-2EA0-426A-8F6C-A9FDD3BA5961}.Release|Any CPU.ActiveCfg = Release|Any CPU
		{133E05F4-2EA0-426A-8F6C-A9FDD3BA5961}.Release|Any CPU.Build.0 = Release|Any CPU
		{60B2A69B-7432-4264-88B8-DBBBF6550483}.Debug|Any CPU.ActiveCfg = Debug|Any CPU
		{60B2A69B-7432-4264-88B8-DBBBF6550483}.Debug|Any CPU.Build.0 = Debug|Any CPU
		{60B2A69B-7432-4264-88B8-DBBBF6550483}.Release|Any CPU.ActiveCfg = Release|Any CPU
		{60B2A69B-7432-4264-88B8-DBBBF6550483}.Release|Any CPU.Build.0 = Release|Any CPU
		{2842D1D6-7E32-4EA6-9925-0F8ED6727C16}.Debug|Any CPU.ActiveCfg = Debug|Any CPU
		{2842D1D6-7E32-4EA6-9925-0F8ED6727C16}.Debug|Any CPU.Build.0 = Debug|Any CPU
		{2842D1D6-7E32-4EA6-9925-0F8ED6727C16}.Release|Any CPU.ActiveCfg = Release|Any CPU
		{2842D1D6-7E32-4EA6-9925-0F8ED6727C16}.Release|Any CPU.Build.0 = Release|Any CPU
		{C0DABEA8-8DB9-481F-87EF-F8B21F9FB5ED}.Debug|Any CPU.ActiveCfg = Debug|Any CPU
		{C0DABEA8-8DB9-481F-87EF-F8B21F9FB5ED}.Debug|Any CPU.Build.0 = Debug|Any CPU
		{C0DABEA8-8DB9-481F-87EF-F8B21F9FB5ED}.Release|Any CPU.ActiveCfg = Release|Any CPU
		{C0DABEA8-8DB9-481F-87EF-F8B21F9FB5ED}.Release|Any CPU.Build.0 = Release|Any CPU
		{2706C690-FE5C-47DB-9377-4C6553CDFCFA}.Debug|Any CPU.ActiveCfg = Debug|Any CPU
		{2706C690-FE5C-47DB-9377-4C6553CDFCFA}.Debug|Any CPU.Build.0 = Debug|Any CPU
		{2706C690-FE5C-47DB-9377-4C6553CDFCFA}.Release|Any CPU.ActiveCfg = Release|Any CPU
		{2706C690-FE5C-47DB-9377-4C6553CDFCFA}.Release|Any CPU.Build.0 = Release|Any CPU
		{7FBDB825-36A7-464C-8062-374D0E3AC56A}.Debug|Any CPU.ActiveCfg = Debug|Any CPU
		{7FBDB825-36A7-464C-8062-374D0E3AC56A}.Debug|Any CPU.Build.0 = Debug|Any CPU
		{7FBDB825-36A7-464C-8062-374D0E3AC56A}.Release|Any CPU.ActiveCfg = Release|Any CPU
		{7FBDB825-36A7-464C-8062-374D0E3AC56A}.Release|Any CPU.Build.0 = Release|Any CPU
		{271C7B2A-51A9-4597-B54A-EF02F1E94378}.Debug|Any CPU.ActiveCfg = Debug|Any CPU
		{271C7B2A-51A9-4597-B54A-EF02F1E94378}.Debug|Any CPU.Build.0 = Debug|Any CPU
		{271C7B2A-51A9-4597-B54A-EF02F1E94378}.Release|Any CPU.ActiveCfg = Release|Any CPU
		{271C7B2A-51A9-4597-B54A-EF02F1E94378}.Release|Any CPU.Build.0 = Release|Any CPU
		{17BBDCA5-9042-4314-B277-CE70B36DDE74}.Debug|Any CPU.ActiveCfg = Debug|Any CPU
		{17BBDCA5-9042-4314-B277-CE70B36DDE74}.Debug|Any CPU.Build.0 = Debug|Any CPU
		{17BBDCA5-9042-4314-B277-CE70B36DDE74}.Release|Any CPU.ActiveCfg = Release|Any CPU
		{17BBDCA5-9042-4314-B277-CE70B36DDE74}.Release|Any CPU.Build.0 = Release|Any CPU
	EndGlobalSection
	GlobalSection(SolutionProperties) = preSolution
		HideSolutionNode = FALSE
	EndGlobalSection
	GlobalSection(NestedProjects) = preSolution
		{F4652AE0-865E-478A-AE32-17737D5E63EF} = {87E9B373-01A5-4290-9604-8C6985BBF3BA}
		{133E05F4-2EA0-426A-8F6C-A9FDD3BA5961} = {87E9B373-01A5-4290-9604-8C6985BBF3BA}
		{C0DABEA8-8DB9-481F-87EF-F8B21F9FB5ED} = {87E9B373-01A5-4290-9604-8C6985BBF3BA}
	EndGlobalSection
	GlobalSection(ExtensibilityGlobals) = postSolution
		SolutionGuid = {9921EBE3-0021-4CEF-B939-9BBACC3B6161}
	EndGlobalSection
EndGlobal
